// !$*UTF8*$!
{
	archiveVersion = 1;
	classes = {
	};
	objectVersion = 55;
	objects = {

/* Begin PBXBuildFile section */
		0A01625428AB1FC90069C4AF /* AppDelegate.swift in Sources */ = {isa = PBXBuildFile; fileRef = 0A01625328AB1FC90069C4AF /* AppDelegate.swift */; };
		0A01625628AB1FC90069C4AF /* SceneDelegate.swift in Sources */ = {isa = PBXBuildFile; fileRef = 0A01625528AB1FC90069C4AF /* SceneDelegate.swift */; };
		0A01625828AB1FC90069C4AF /* ViewController.swift in Sources */ = {isa = PBXBuildFile; fileRef = 0A01625728AB1FC90069C4AF /* ViewController.swift */; };
		0A01625B28AB1FC90069C4AF /* Main.storyboard in Resources */ = {isa = PBXBuildFile; fileRef = 0A01625928AB1FC90069C4AF /* Main.storyboard */; };
		0A01625D28AB1FCB0069C4AF /* Assets.xcassets in Resources */ = {isa = PBXBuildFile; fileRef = 0A01625C28AB1FCB0069C4AF /* Assets.xcassets */; };
		0A01626028AB1FCB0069C4AF /* LaunchScreen.storyboard in Resources */ = {isa = PBXBuildFile; fileRef = 0A01625E28AB1FCB0069C4AF /* LaunchScreen.storyboard */; };
		0A01628F28AB2CFA0069C4AF /* UIFramework.framework in Frameworks */ = {isa = PBXBuildFile; fileRef = 0A01628C28AB2CED0069C4AF /* UIFramework.framework */; };
		0A01629028AB2CFA0069C4AF /* UIFramework.framework in Embed Frameworks */ = {isa = PBXBuildFile; fileRef = 0A01628C28AB2CED0069C4AF /* UIFramework.framework */; settings = {ATTRIBUTES = (CodeSignOnCopy, RemoveHeadersOnCopy, ); }; };
		0A01629328AB3A7E0069C4AF /* Walkthrough.storyboard in Resources */ = {isa = PBXBuildFile; fileRef = 0A01629228AB3A7E0069C4AF /* Walkthrough.storyboard */; };
		0A01629528AB3A9C0069C4AF /* FirstViewController.swift in Sources */ = {isa = PBXBuildFile; fileRef = 0A01629428AB3A9C0069C4AF /* FirstViewController.swift */; };
		0A01629728AB41300069C4AF /* WalkthroughViewController.swift in Sources */ = {isa = PBXBuildFile; fileRef = 0A01629628AB41300069C4AF /* WalkthroughViewController.swift */; };
		0A01629928AB417B0069C4AF /* SecondViewController.swift in Sources */ = {isa = PBXBuildFile; fileRef = 0A01629828AB417B0069C4AF /* SecondViewController.swift */; };
		0A01629B28AB41960069C4AF /* ThirdViewController.swift in Sources */ = {isa = PBXBuildFile; fileRef = 0A01629A28AB41960069C4AF /* ThirdViewController.swift */; };
		0A0162EA28AC71B40069C4AF /* CodeViewController.swift in Sources */ = {isa = PBXBuildFile; fileRef = 0A0162E928AC71B40069C4AF /* CodeViewController.swift */; };
		0A0162ED28AC81BC0069C4AF /* SnapKit in Frameworks */ = {isa = PBXBuildFile; productRef = 0A0162EC28AC81BC0069C4AF /* SnapKit */; };
		0A0162EF28AC822B0069C4AF /* CodeSnapViewController.swift in Sources */ = {isa = PBXBuildFile; fileRef = 0A0162EE28AC822B0069C4AF /* CodeSnapViewController.swift */; };
		0A0162F128AC8C0D0069C4AF /* CodeSnap2ViewController.swift in Sources */ = {isa = PBXBuildFile; fileRef = 0A0162F028AC8C0D0069C4AF /* CodeSnap2ViewController.swift */; };
		0AB4DAE628ADDF0A0096C5A6 /* UIViewController+Extension.swift in Sources */ = {isa = PBXBuildFile; fileRef = 0AB4DAE528ADDF0A0096C5A6 /* UIViewController+Extension.swift */; };
		0AB4DAE828ADE6100096C5A6 /* ProfileViewController.swift in Sources */ = {isa = PBXBuildFile; fileRef = 0AB4DAE728ADE6100096C5A6 /* ProfileViewController.swift */; };
/* End PBXBuildFile section */

/* Begin PBXContainerItemProxy section */
		0A01628B28AB2CED0069C4AF /* PBXContainerItemProxy */ = {
			isa = PBXContainerItemProxy;
			containerPortal = 0A01628628AB2CED0069C4AF /* UIFramework.xcodeproj */;
			proxyType = 2;
			remoteGlobalIDString = 0A01622B28AB1BBD0069C4AF;
			remoteInfo = UIFramework;
		};
		0A01628D28AB2CED0069C4AF /* PBXContainerItemProxy */ = {
			isa = PBXContainerItemProxy;
			containerPortal = 0A01628628AB2CED0069C4AF /* UIFramework.xcodeproj */;
			proxyType = 2;
			remoteGlobalIDString = 0A01623528AB1BBD0069C4AF;
			remoteInfo = UIFrameworkTests;
		};
/* End PBXContainerItemProxy section */

/* Begin PBXCopyFilesBuildPhase section */
		0A01627328AB20E90069C4AF /* Embed Frameworks */ = {
			isa = PBXCopyFilesBuildPhase;
			buildActionMask = 2147483647;
			dstPath = "";
			dstSubfolderSpec = 10;
			files = (
				0A01629028AB2CFA0069C4AF /* UIFramework.framework in Embed Frameworks */,
			);
			name = "Embed Frameworks";
			runOnlyForDeploymentPostprocessing = 0;
		};
/* End PBXCopyFilesBuildPhase section */

/* Begin PBXFileReference section */
		0A01625028AB1FC90069C4AF /* Week7Diary.app */ = {isa = PBXFileReference; explicitFileType = wrapper.application; includeInIndex = 0; path = Week7Diary.app; sourceTree = BUILT_PRODUCTS_DIR; };
		0A01625328AB1FC90069C4AF /* AppDelegate.swift */ = {isa = PBXFileReference; lastKnownFileType = sourcecode.swift; path = AppDelegate.swift; sourceTree = "<group>"; };
		0A01625528AB1FC90069C4AF /* SceneDelegate.swift */ = {isa = PBXFileReference; lastKnownFileType = sourcecode.swift; path = SceneDelegate.swift; sourceTree = "<group>"; };
		0A01625728AB1FC90069C4AF /* ViewController.swift */ = {isa = PBXFileReference; lastKnownFileType = sourcecode.swift; path = ViewController.swift; sourceTree = "<group>"; };
		0A01625A28AB1FC90069C4AF /* Base */ = {isa = PBXFileReference; lastKnownFileType = file.storyboard; name = Base; path = Base.lproj/Main.storyboard; sourceTree = "<group>"; };
		0A01625C28AB1FCB0069C4AF /* Assets.xcassets */ = {isa = PBXFileReference; lastKnownFileType = folder.assetcatalog; path = Assets.xcassets; sourceTree = "<group>"; };
		0A01625F28AB1FCB0069C4AF /* Base */ = {isa = PBXFileReference; lastKnownFileType = file.storyboard; name = Base; path = Base.lproj/LaunchScreen.storyboard; sourceTree = "<group>"; };
		0A01626128AB1FCB0069C4AF /* Info.plist */ = {isa = PBXFileReference; lastKnownFileType = text.plist.xml; path = Info.plist; sourceTree = "<group>"; };
		0A01628628AB2CED0069C4AF /* UIFramework.xcodeproj */ = {isa = PBXFileReference; lastKnownFileType = "wrapper.pb-project"; name = UIFramework.xcodeproj; path = ../UIFramework/UIFramework.xcodeproj; sourceTree = "<group>"; };
		0A01629228AB3A7E0069C4AF /* Walkthrough.storyboard */ = {isa = PBXFileReference; lastKnownFileType = file.storyboard; path = Walkthrough.storyboard; sourceTree = "<group>"; };
		0A01629428AB3A9C0069C4AF /* FirstViewController.swift */ = {isa = PBXFileReference; lastKnownFileType = sourcecode.swift; path = FirstViewController.swift; sourceTree = "<group>"; };
		0A01629628AB41300069C4AF /* WalkthroughViewController.swift */ = {isa = PBXFileReference; lastKnownFileType = sourcecode.swift; path = WalkthroughViewController.swift; sourceTree = "<group>"; };
		0A01629828AB417B0069C4AF /* SecondViewController.swift */ = {isa = PBXFileReference; lastKnownFileType = sourcecode.swift; path = SecondViewController.swift; sourceTree = "<group>"; };
		0A01629A28AB41960069C4AF /* ThirdViewController.swift */ = {isa = PBXFileReference; lastKnownFileType = sourcecode.swift; path = ThirdViewController.swift; sourceTree = "<group>"; };
		0A0162E928AC71B40069C4AF /* CodeViewController.swift */ = {isa = PBXFileReference; lastKnownFileType = sourcecode.swift; path = CodeViewController.swift; sourceTree = "<group>"; };
		0A0162EE28AC822B0069C4AF /* CodeSnapViewController.swift */ = {isa = PBXFileReference; lastKnownFileType = sourcecode.swift; path = CodeSnapViewController.swift; sourceTree = "<group>"; };
		0A0162F028AC8C0D0069C4AF /* CodeSnap2ViewController.swift */ = {isa = PBXFileReference; lastKnownFileType = sourcecode.swift; path = CodeSnap2ViewController.swift; sourceTree = "<group>"; };
		0AB4DAE528ADDF0A0096C5A6 /* UIViewController+Extension.swift */ = {isa = PBXFileReference; lastKnownFileType = sourcecode.swift; path = "UIViewController+Extension.swift"; sourceTree = "<group>"; };
		0AB4DAE728ADE6100096C5A6 /* ProfileViewController.swift */ = {isa = PBXFileReference; lastKnownFileType = sourcecode.swift; path = ProfileViewController.swift; sourceTree = "<group>"; };
/* End PBXFileReference section */

/* Begin PBXFrameworksBuildPhase section */
		0A01624D28AB1FC90069C4AF /* Frameworks */ = {
			isa = PBXFrameworksBuildPhase;
			buildActionMask = 2147483647;
			files = (
				0A01628F28AB2CFA0069C4AF /* UIFramework.framework in Frameworks */,
				0A0162ED28AC81BC0069C4AF /* SnapKit in Frameworks */,
			);
			runOnlyForDeploymentPostprocessing = 0;
		};
/* End PBXFrameworksBuildPhase section */

/* Begin PBXGroup section */
		0A01624728AB1FC90069C4AF = {
			isa = PBXGroup;
			children = (
				0A01628628AB2CED0069C4AF /* UIFramework.xcodeproj */,
				0A01625228AB1FC90069C4AF /* Week7Diary */,
				0A01625128AB1FC90069C4AF /* Products */,
				0A01627028AB20E90069C4AF /* Frameworks */,
			);
			sourceTree = "<group>";
		};
		0A01625128AB1FC90069C4AF /* Products */ = {
			isa = PBXGroup;
			children = (
				0A01625028AB1FC90069C4AF /* Week7Diary.app */,
			);
			name = Products;
			sourceTree = "<group>";
		};
		0A01625228AB1FC90069C4AF /* Week7Diary */ = {
			isa = PBXGroup;
			children = (
				0AB4DAE228ADDEF80096C5A6 /* Extensions */,
				0A0162E828AC718E0069C4AF /* CodeBase */,
				0A01629128AB3A380069C4AF /* Walkthrough */,
				0A01625328AB1FC90069C4AF /* AppDelegate.swift */,
				0A01625528AB1FC90069C4AF /* SceneDelegate.swift */,
				0A01625728AB1FC90069C4AF /* ViewController.swift */,
				0AB4DAE728ADE6100096C5A6 /* ProfileViewController.swift */,
				0A01625928AB1FC90069C4AF /* Main.storyboard */,
				0A01625C28AB1FCB0069C4AF /* Assets.xcassets */,
				0A01625E28AB1FCB0069C4AF /* LaunchScreen.storyboard */,
				0A01626128AB1FCB0069C4AF /* Info.plist */,
			);
			path = Week7Diary;
			sourceTree = "<group>";
		};
		0A01627028AB20E90069C4AF /* Frameworks */ = {
			isa = PBXGroup;
			children = (
			);
			name = Frameworks;
			sourceTree = "<group>";
		};
		0A01628728AB2CED0069C4AF /* Products */ = {
			isa = PBXGroup;
			children = (
				0A01628C28AB2CED0069C4AF /* UIFramework.framework */,
				0A01628E28AB2CED0069C4AF /* UIFrameworkTests.xctest */,
			);
			name = Products;
			sourceTree = "<group>";
		};
		0A01629128AB3A380069C4AF /* Walkthrough */ = {
			isa = PBXGroup;
			children = (
				0A01629228AB3A7E0069C4AF /* Walkthrough.storyboard */,
				0A01629628AB41300069C4AF /* WalkthroughViewController.swift */,
				0A01629428AB3A9C0069C4AF /* FirstViewController.swift */,
				0A01629828AB417B0069C4AF /* SecondViewController.swift */,
				0A01629A28AB41960069C4AF /* ThirdViewController.swift */,
			);
			path = Walkthrough;
			sourceTree = "<group>";
		};
		0A0162E828AC718E0069C4AF /* CodeBase */ = {
			isa = PBXGroup;
			children = (
				0A0162E928AC71B40069C4AF /* CodeViewController.swift */,
				0A0162EE28AC822B0069C4AF /* CodeSnapViewController.swift */,
				0A0162F028AC8C0D0069C4AF /* CodeSnap2ViewController.swift */,
			);
			path = CodeBase;
			sourceTree = "<group>";
		};
		0AB4DAE228ADDEF80096C5A6 /* Extensions */ = {
			isa = PBXGroup;
			children = (
				0AB4DAE528ADDF0A0096C5A6 /* UIViewController+Extension.swift */,
			);
			path = Extensions;
			sourceTree = "<group>";
		};
/* End PBXGroup section */

/* Begin PBXNativeTarget section */
		0A01624F28AB1FC90069C4AF /* Week7Diary */ = {
			isa = PBXNativeTarget;
			buildConfigurationList = 0A01626428AB1FCB0069C4AF /* Build configuration list for PBXNativeTarget "Week7Diary" */;
			buildPhases = (
				0A01624C28AB1FC90069C4AF /* Sources */,
				0A01624D28AB1FC90069C4AF /* Frameworks */,
				0A01624E28AB1FC90069C4AF /* Resources */,
				0A01627328AB20E90069C4AF /* Embed Frameworks */,
			);
			buildRules = (
			);
			dependencies = (
			);
			name = Week7Diary;
			packageProductDependencies = (
				0A0162EC28AC81BC0069C4AF /* SnapKit */,
			);
			productName = Week7Diary;
			productReference = 0A01625028AB1FC90069C4AF /* Week7Diary.app */;
			productType = "com.apple.product-type.application";
		};
/* End PBXNativeTarget section */

/* Begin PBXProject section */
		0A01624828AB1FC90069C4AF /* Project object */ = {
			isa = PBXProject;
			attributes = {
				BuildIndependentTargetsInParallel = 1;
				LastSwiftUpdateCheck = 1340;
				LastUpgradeCheck = 1340;
				TargetAttributes = {
					0A01624F28AB1FC90069C4AF = {
						CreatedOnToolsVersion = 13.4.1;
					};
				};
			};
			buildConfigurationList = 0A01624B28AB1FC90069C4AF /* Build configuration list for PBXProject "Week7Diary" */;
			compatibilityVersion = "Xcode 13.0";
			developmentRegion = en;
			hasScannedForEncodings = 0;
			knownRegions = (
				en,
				Base,
			);
			mainGroup = 0A01624728AB1FC90069C4AF;
			packageReferences = (
				0A0162EB28AC81BC0069C4AF /* XCRemoteSwiftPackageReference "SnapKit" */,
			);
			productRefGroup = 0A01625128AB1FC90069C4AF /* Products */;
			projectDirPath = "";
			projectReferences = (
				{
					ProductGroup = 0A01628728AB2CED0069C4AF /* Products */;
					ProjectRef = 0A01628628AB2CED0069C4AF /* UIFramework.xcodeproj */;
				},
			);
			projectRoot = "";
			targets = (
				0A01624F28AB1FC90069C4AF /* Week7Diary */,
			);
		};
/* End PBXProject section */

/* Begin PBXReferenceProxy section */
		0A01628C28AB2CED0069C4AF /* UIFramework.framework */ = {
			isa = PBXReferenceProxy;
			fileType = wrapper.framework;
			path = UIFramework.framework;
			remoteRef = 0A01628B28AB2CED0069C4AF /* PBXContainerItemProxy */;
			sourceTree = BUILT_PRODUCTS_DIR;
		};
		0A01628E28AB2CED0069C4AF /* UIFrameworkTests.xctest */ = {
			isa = PBXReferenceProxy;
			fileType = wrapper.cfbundle;
			path = UIFrameworkTests.xctest;
			remoteRef = 0A01628D28AB2CED0069C4AF /* PBXContainerItemProxy */;
			sourceTree = BUILT_PRODUCTS_DIR;
		};
/* End PBXReferenceProxy section */

/* Begin PBXResourcesBuildPhase section */
		0A01624E28AB1FC90069C4AF /* Resources */ = {
			isa = PBXResourcesBuildPhase;
			buildActionMask = 2147483647;
			files = (
				0A01626028AB1FCB0069C4AF /* LaunchScreen.storyboard in Resources */,
				0A01629328AB3A7E0069C4AF /* Walkthrough.storyboard in Resources */,
				0A01625D28AB1FCB0069C4AF /* Assets.xcassets in Resources */,
				0A01625B28AB1FC90069C4AF /* Main.storyboard in Resources */,
			);
			runOnlyForDeploymentPostprocessing = 0;
		};
/* End PBXResourcesBuildPhase section */

/* Begin PBXSourcesBuildPhase section */
		0A01624C28AB1FC90069C4AF /* Sources */ = {
			isa = PBXSourcesBuildPhase;
			buildActionMask = 2147483647;
			files = (
				0A01629928AB417B0069C4AF /* SecondViewController.swift in Sources */,
				0AB4DAE628ADDF0A0096C5A6 /* UIViewController+Extension.swift in Sources */,
				0A01625828AB1FC90069C4AF /* ViewController.swift in Sources */,
				0A0162F128AC8C0D0069C4AF /* CodeSnap2ViewController.swift in Sources */,
				0A01625428AB1FC90069C4AF /* AppDelegate.swift in Sources */,
				0A01629B28AB41960069C4AF /* ThirdViewController.swift in Sources */,
				0AB4DAE828ADE6100096C5A6 /* ProfileViewController.swift in Sources */,
				0A0162EF28AC822B0069C4AF /* CodeSnapViewController.swift in Sources */,
				0A01625628AB1FC90069C4AF /* SceneDelegate.swift in Sources */,
				0A0162EA28AC71B40069C4AF /* CodeViewController.swift in Sources */,
				0A01629528AB3A9C0069C4AF /* FirstViewController.swift in Sources */,
				0A01629728AB41300069C4AF /* WalkthroughViewController.swift in Sources */,
			);
			runOnlyForDeploymentPostprocessing = 0;
		};
/* End PBXSourcesBuildPhase section */

/* Begin PBXVariantGroup section */
		0A01625928AB1FC90069C4AF /* Main.storyboard */ = {
			isa = PBXVariantGroup;
			children = (
				0A01625A28AB1FC90069C4AF /* Base */,
			);
			name = Main.storyboard;
			sourceTree = "<group>";
		};
		0A01625E28AB1FCB0069C4AF /* LaunchScreen.storyboard */ = {
			isa = PBXVariantGroup;
			children = (
				0A01625F28AB1FCB0069C4AF /* Base */,
			);
			name = LaunchScreen.storyboard;
			sourceTree = "<group>";
		};
/* End PBXVariantGroup section */

/* Begin XCBuildConfiguration section */
		0A01626228AB1FCB0069C4AF /* Debug */ = {
			isa = XCBuildConfiguration;
			buildSettings = {
				ALWAYS_SEARCH_USER_PATHS = NO;
				CLANG_ANALYZER_NONNULL = YES;
				CLANG_ANALYZER_NUMBER_OBJECT_CONVERSION = YES_AGGRESSIVE;
				CLANG_CXX_LANGUAGE_STANDARD = "gnu++17";
				CLANG_ENABLE_MODULES = YES;
				CLANG_ENABLE_OBJC_ARC = YES;
				CLANG_ENABLE_OBJC_WEAK = YES;
				CLANG_WARN_BLOCK_CAPTURE_AUTORELEASING = YES;
				CLANG_WARN_BOOL_CONVERSION = YES;
				CLANG_WARN_COMMA = YES;
				CLANG_WARN_CONSTANT_CONVERSION = YES;
				CLANG_WARN_DEPRECATED_OBJC_IMPLEMENTATIONS = YES;
				CLANG_WARN_DIRECT_OBJC_ISA_USAGE = YES_ERROR;
				CLANG_WARN_DOCUMENTATION_COMMENTS = YES;
				CLANG_WARN_EMPTY_BODY = YES;
				CLANG_WARN_ENUM_CONVERSION = YES;
				CLANG_WARN_INFINITE_RECURSION = YES;
				CLANG_WARN_INT_CONVERSION = YES;
				CLANG_WARN_NON_LITERAL_NULL_CONVERSION = YES;
				CLANG_WARN_OBJC_IMPLICIT_RETAIN_SELF = YES;
				CLANG_WARN_OBJC_LITERAL_CONVERSION = YES;
				CLANG_WARN_OBJC_ROOT_CLASS = YES_ERROR;
				CLANG_WARN_QUOTED_INCLUDE_IN_FRAMEWORK_HEADER = YES;
				CLANG_WARN_RANGE_LOOP_ANALYSIS = YES;
				CLANG_WARN_STRICT_PROTOTYPES = YES;
				CLANG_WARN_SUSPICIOUS_MOVE = YES;
				CLANG_WARN_UNGUARDED_AVAILABILITY = YES_AGGRESSIVE;
				CLANG_WARN_UNREACHABLE_CODE = YES;
				CLANG_WARN__DUPLICATE_METHOD_MATCH = YES;
				COPY_PHASE_STRIP = NO;
				DEBUG_INFORMATION_FORMAT = dwarf;
				ENABLE_STRICT_OBJC_MSGSEND = YES;
				ENABLE_TESTABILITY = YES;
				GCC_C_LANGUAGE_STANDARD = gnu11;
				GCC_DYNAMIC_NO_PIC = NO;
				GCC_NO_COMMON_BLOCKS = YES;
				GCC_OPTIMIZATION_LEVEL = 0;
				GCC_PREPROCESSOR_DEFINITIONS = (
					"DEBUG=1",
					"$(inherited)",
				);
				GCC_WARN_64_TO_32_BIT_CONVERSION = YES;
				GCC_WARN_ABOUT_RETURN_TYPE = YES_ERROR;
				GCC_WARN_UNDECLARED_SELECTOR = YES;
				GCC_WARN_UNINITIALIZED_AUTOS = YES_AGGRESSIVE;
				GCC_WARN_UNUSED_FUNCTION = YES;
				GCC_WARN_UNUSED_VARIABLE = YES;
				IPHONEOS_DEPLOYMENT_TARGET = 15.5;
				MTL_ENABLE_DEBUG_INFO = INCLUDE_SOURCE;
				MTL_FAST_MATH = YES;
				ONLY_ACTIVE_ARCH = YES;
				SDKROOT = iphoneos;
				SWIFT_ACTIVE_COMPILATION_CONDITIONS = DEBUG;
				SWIFT_OPTIMIZATION_LEVEL = "-Onone";
			};
			name = Debug;
		};
		0A01626328AB1FCB0069C4AF /* Release */ = {
			isa = XCBuildConfiguration;
			buildSettings = {
				ALWAYS_SEARCH_USER_PATHS = NO;
				CLANG_ANALYZER_NONNULL = YES;
				CLANG_ANALYZER_NUMBER_OBJECT_CONVERSION = YES_AGGRESSIVE;
				CLANG_CXX_LANGUAGE_STANDARD = "gnu++17";
				CLANG_ENABLE_MODULES = YES;
				CLANG_ENABLE_OBJC_ARC = YES;
				CLANG_ENABLE_OBJC_WEAK = YES;
				CLANG_WARN_BLOCK_CAPTURE_AUTORELEASING = YES;
				CLANG_WARN_BOOL_CONVERSION = YES;
				CLANG_WARN_COMMA = YES;
				CLANG_WARN_CONSTANT_CONVERSION = YES;
				CLANG_WARN_DEPRECATED_OBJC_IMPLEMENTATIONS = YES;
				CLANG_WARN_DIRECT_OBJC_ISA_USAGE = YES_ERROR;
				CLANG_WARN_DOCUMENTATION_COMMENTS = YES;
				CLANG_WARN_EMPTY_BODY = YES;
				CLANG_WARN_ENUM_CONVERSION = YES;
				CLANG_WARN_INFINITE_RECURSION = YES;
				CLANG_WARN_INT_CONVERSION = YES;
				CLANG_WARN_NON_LITERAL_NULL_CONVERSION = YES;
				CLANG_WARN_OBJC_IMPLICIT_RETAIN_SELF = YES;
				CLANG_WARN_OBJC_LITERAL_CONVERSION = YES;
				CLANG_WARN_OBJC_ROOT_CLASS = YES_ERROR;
				CLANG_WARN_QUOTED_INCLUDE_IN_FRAMEWORK_HEADER = YES;
				CLANG_WARN_RANGE_LOOP_ANALYSIS = YES;
				CLANG_WARN_STRICT_PROTOTYPES = YES;
				CLANG_WARN_SUSPICIOUS_MOVE = YES;
				CLANG_WARN_UNGUARDED_AVAILABILITY = YES_AGGRESSIVE;
				CLANG_WARN_UNREACHABLE_CODE = YES;
				CLANG_WARN__DUPLICATE_METHOD_MATCH = YES;
				COPY_PHASE_STRIP = NO;
				DEBUG_INFORMATION_FORMAT = "dwarf-with-dsym";
				ENABLE_NS_ASSERTIONS = NO;
				ENABLE_STRICT_OBJC_MSGSEND = YES;
				GCC_C_LANGUAGE_STANDARD = gnu11;
				GCC_NO_COMMON_BLOCKS = YES;
				GCC_WARN_64_TO_32_BIT_CONVERSION = YES;
				GCC_WARN_ABOUT_RETURN_TYPE = YES_ERROR;
				GCC_WARN_UNDECLARED_SELECTOR = YES;
				GCC_WARN_UNINITIALIZED_AUTOS = YES_AGGRESSIVE;
				GCC_WARN_UNUSED_FUNCTION = YES;
				GCC_WARN_UNUSED_VARIABLE = YES;
				IPHONEOS_DEPLOYMENT_TARGET = 15.5;
				MTL_ENABLE_DEBUG_INFO = NO;
				MTL_FAST_MATH = YES;
				SDKROOT = iphoneos;
				SWIFT_COMPILATION_MODE = wholemodule;
				SWIFT_OPTIMIZATION_LEVEL = "-O";
				VALIDATE_PRODUCT = YES;
			};
			name = Release;
		};
		0A01626528AB1FCB0069C4AF /* Debug */ = {
			isa = XCBuildConfiguration;
			buildSettings = {
				ASSETCATALOG_COMPILER_APPICON_NAME = AppIcon;
				ASSETCATALOG_COMPILER_GLOBAL_ACCENT_COLOR_NAME = AccentColor;
				CODE_SIGN_STYLE = Automatic;
				CURRENT_PROJECT_VERSION = 1;
				GENERATE_INFOPLIST_FILE = YES;
				INFOPLIST_FILE = Week7Diary/Info.plist;
				INFOPLIST_KEY_UIApplicationSupportsIndirectInputEvents = YES;
				INFOPLIST_KEY_UILaunchStoryboardName = LaunchScreen;
				INFOPLIST_KEY_UIMainStoryboardFile = Main;
				INFOPLIST_KEY_UISupportedInterfaceOrientations_iPad = "UIInterfaceOrientationPortrait UIInterfaceOrientationPortraitUpsideDown UIInterfaceOrientationLandscapeLeft UIInterfaceOrientationLandscapeRight";
				INFOPLIST_KEY_UISupportedInterfaceOrientations_iPhone = "UIInterfaceOrientationPortrait UIInterfaceOrientationLandscapeLeft UIInterfaceOrientationLandscapeRight";
				LD_RUNPATH_SEARCH_PATHS = (
					"$(inherited)",
					"@executable_path/Frameworks",
				);
				MARKETING_VERSION = 1.0;
				PRODUCT_BUNDLE_IDENTIFIER = com.sani.Week7Diary;
				PRODUCT_NAME = "$(TARGET_NAME)";
				SWIFT_EMIT_LOC_STRINGS = YES;
				SWIFT_VERSION = 5.0;
				TARGETED_DEVICE_FAMILY = "1,2";
			};
			name = Debug;
		};
		0A01626628AB1FCB0069C4AF /* Release */ = {
			isa = XCBuildConfiguration;
			buildSettings = {
				ASSETCATALOG_COMPILER_APPICON_NAME = AppIcon;
				ASSETCATALOG_COMPILER_GLOBAL_ACCENT_COLOR_NAME = AccentColor;
				CODE_SIGN_STYLE = Automatic;
				CURRENT_PROJECT_VERSION = 1;
				GENERATE_INFOPLIST_FILE = YES;
				INFOPLIST_FILE = Week7Diary/Info.plist;
				INFOPLIST_KEY_UIApplicationSupportsIndirectInputEvents = YES;
				INFOPLIST_KEY_UILaunchStoryboardName = LaunchScreen;
				INFOPLIST_KEY_UIMainStoryboardFile = Main;
				INFOPLIST_KEY_UISupportedInterfaceOrientations_iPad = "UIInterfaceOrientationPortrait UIInterfaceOrientationPortraitUpsideDown UIInterfaceOrientationLandscapeLeft UIInterfaceOrientationLandscapeRight";
				INFOPLIST_KEY_UISupportedInterfaceOrientations_iPhone = "UIInterfaceOrientationPortrait UIInterfaceOrientationLandscapeLeft UIInterfaceOrientationLandscapeRight";
				LD_RUNPATH_SEARCH_PATHS = (
					"$(inherited)",
					"@executable_path/Frameworks",
				);
				MARKETING_VERSION = 1.0;
				PRODUCT_BUNDLE_IDENTIFIER = com.sani.Week7Diary;
				PRODUCT_NAME = "$(TARGET_NAME)";
				SWIFT_EMIT_LOC_STRINGS = YES;
				SWIFT_VERSION = 5.0;
				TARGETED_DEVICE_FAMILY = "1,2";
			};
			name = Release;
		};
/* End XCBuildConfiguration section */

/* Begin XCConfigurationList section */
		0A01624B28AB1FC90069C4AF /* Build configuration list for PBXProject "Week7Diary" */ = {
			isa = XCConfigurationList;
			buildConfigurations = (
				0A01626228AB1FCB0069C4AF /* Debug */,
				0A01626328AB1FCB0069C4AF /* Release */,
			);
			defaultConfigurationIsVisible = 0;
			defaultConfigurationName = Release;
		};
		0A01626428AB1FCB0069C4AF /* Build configuration list for PBXNativeTarget "Week7Diary" */ = {
			isa = XCConfigurationList;
			buildConfigurations = (
				0A01626528AB1FCB0069C4AF /* Debug */,
				0A01626628AB1FCB0069C4AF /* Release */,
			);
			defaultConfigurationIsVisible = 0;
			defaultConfigurationName = Release;
		};
/* End XCConfigurationList section */

/* Begin XCRemoteSwiftPackageReference section */
		0A0162EB28AC81BC0069C4AF /* XCRemoteSwiftPackageReference "SnapKit" */ = {
			isa = XCRemoteSwiftPackageReference;
			repositoryURL = "https://github.com/SnapKit/SnapKit.git";
			requirement = {
				kind = upToNextMajorVersion;
				minimumVersion = 5.0.0;
			};
		};
/* End XCRemoteSwiftPackageReference section */

/* Begin XCSwiftPackageProductDependency section */
		0A0162EC28AC81BC0069C4AF /* SnapKit */ = {
			isa = XCSwiftPackageProductDependency;
			package = 0A0162EB28AC81BC0069C4AF /* XCRemoteSwiftPackageReference "SnapKit" */;
			productName = SnapKit;
		};
/* End XCSwiftPackageProductDependency section */
	};
	rootObject = 0A01624828AB1FC90069C4AF /* Project object */;
}
